
Microsoft Visual Studio Solution File, Format Version 12.00
# Visual Studio 2012
Project("{f2a71f9b-5d33-465a-a702-920d77279786}") = "RadioClock", "RadioClock.fsproj", "{A5479303-C66F-4CA4-95F1-F15DA3506555}"
EndProject
Global
	GlobalSection(SolutionConfigurationPlatforms) = preSolution
		Debug|iPhoneSimulator = Debug|iPhoneSimulator
		Release|iPhoneSimulator = Release|iPhoneSimulator
		Debug|iPhone = Debug|iPhone
		Release|iPhone = Release|iPhone
		Ad-Hoc|iPhone = Ad-Hoc|iPhone
		AppStore|iPhone = AppStore|iPhone
	EndGlobalSection
	GlobalSection(ProjectConfigurationPlatforms) = postSolution
		{A5479303-C66F-4CA4-95F1-F15DA3506555}.Ad-Hoc|iPhone.ActiveCfg = Ad-Hoc|iPhone
		{A5479303-C66F-4CA4-95F1-F15DA3506555}.Ad-Hoc|iPhone.Build.0 = Ad-Hoc|iPhone
		{A5479303-C66F-4CA4-95F1-F15DA3506555}.AppStore|iPhone.ActiveCfg = AppStore|iPhone
		{A5479303-C66F-4CA4-95F1-F15DA3506555}.AppStore|iPhone.Build.0 = AppStore|iPhone
		{A5479303-C66F-4CA4-95F1-F15DA3506555}.Debug|iPhone.ActiveCfg = Debug|iPhone
		{A5479303-C66F-4CA4-95F1-F15DA3506555}.Debug|iPhone.Build.0 = Debug|iPhone
		{A5479303-C66F-4CA4-95F1-F15DA3506555}.Debug|iPhoneSimulator.ActiveCfg = Debug|iPhoneSimulator
		{A5479303-C66F-4CA4-95F1-F15DA3506555}.Debug|iPhoneSimulator.Build.0 = Debug|iPhoneSimulator
		{A5479303-C66F-4CA4-95F1-F15DA3506555}.Release|iPhone.ActiveCfg = Release|iPhone
		{A5479303-C66F-4CA4-95F1-F15DA3506555}.Release|iPhone.Build.0 = Release|iPhone
		{A5479303-C66F-4CA4-95F1-F15DA3506555}.Release|iPhoneSimulator.ActiveCfg = Release|iPhoneSimulator
		{A5479303-C66F-4CA4-95F1-F15DA3506555}.Release|iPhoneSimulator.Build.0 = Release|iPhoneSimulator
	EndGlobalSection
	GlobalSection(MonoDevelopProperties) = preSolution
		StartupItem = RadioClock.fsproj
	EndGlobalSection
EndGlobal
